# THIS IS AN AUTOGENERATED FILE. DO NOT EDIT THIS FILE DIRECTLY.
# yarn lockfile v1


bootstrap-autocomplete@^2.3.5:
  version "2.3.5"
  resolved "https://registry.yarnpkg.com/bootstrap-autocomplete/-/bootstrap-autocomplete-2.3.5.tgz#137848e26ebb105ea8ccac8861b163342ca10df5"
  integrity sha512-D0ZNqT/Pjxplbn2V7BkUCG8IOg9RykP0osH0X1szZ6GY/e46RywyApNbCk+SGd4WnFssxmHJwcSCA1cKsQOU4Q==

bootstrap@^4.5.0:
  version "4.5.0"
  resolved "https://registry.yarnpkg.com/bootstrap/-/bootstrap-4.5.0.tgz#97d9dbcb5a8972f8722c9962483543b907d9b9ec"
  integrity sha512-Z93QoXvodoVslA+PWNdk23Hze4RBYIkpb5h8I2HY2Tu2h7A0LpAgLcyrhrSUyo2/Oxm2l1fRZPs1e5hnxnliXA==
